
Microsoft Visual Studio Solution File, Format Version 12.00
# Visual Studio Version 16
VisualStudioVersion = 16.0.29728.190
MinimumVisualStudioVersion = 10.0.40219.1
Project("{FAE04EC0-301F-11D3-BF4B-00C04F79EFBC}") = "FunWithBrandt", "FunWithBrandt.csproj", "{C5A54943-D1AE-44E6-BA3A-D00E171672B3}"
EndProject
Global
	GlobalSection(SolutionConfigurationPlatforms) = preSolution
		Debug|Any CPU = Debug|Any CPU
		Release|Any CPU = Release|Any CPU
	EndGlobalSection
	GlobalSection(ProjectConfigurationPlatforms) = postSolution
		{C5A54943-D1AE-44E6-BA3A-D00E171672B3}.Debug|Any CPU.ActiveCfg = Debug|Any CPU
		{C5A54943-D1AE-44E6-BA3A-D00E171672B3}.Debug|Any CPU.Build.0 = Debug|Any CPU
		{C5A54943-D1AE-44E6-BA3A-D00E171672B3}.Release|Any CPU.ActiveCfg = Release|Any CPU
		{C5A54943-D1AE-44E6-BA3A-D00E171672B3}.Release|Any CPU.Build.0 = Release|Any CPU
	EndGlobalSection
	GlobalSection(SolutionProperties) = preSolution
		HideSolutionNode = FALSE
	EndGlobalSection
	GlobalSection(ExtensibilityGlobals) = postSolution
		SolutionGuid = {C27E0EC5-4181-472D-8BF5-10F352B18960}
	EndGlobalSection
EndGlobal
